
Microsoft Visual Studio Solution File, Format Version 12.00
# Visual Studio Version 16
VisualStudioVersion = 16.0.31424.327
MinimumVisualStudioVersion = 10.0.40219.1
Project("{FAE04EC0-301F-11D3-BF4B-00C04F79EFBC}") = "FirstMVCApp", "FirstMVCApp\FirstMVCApp.csproj", "{D9A90FA5-E6B6-461E-8718-A7392AB16745}"
EndProject
Global
	GlobalSection(SolutionConfigurationPlatforms) = preSolution
		Debug|Any CPU = Debug|Any CPU
		Release|Any CPU = Release|Any CPU
	EndGlobalSection
	GlobalSection(ProjectConfigurationPlatforms) = postSolution
		{D9A90FA5-E6B6-461E-8718-A7392AB16745}.Debug|Any CPU.ActiveCfg = Debug|Any CPU
		{D9A90FA5-E6B6-461E-8718-A7392AB16745}.Debug|Any CPU.Build.0 = Debug|Any CPU
		{D9A90FA5-E6B6-461E-8718-A7392AB16745}.Release|Any CPU.ActiveCfg = Release|Any CPU
		{D9A90FA5-E6B6-461E-8718-A7392AB16745}.Release|Any CPU.Build.0 = Release|Any CPU
	EndGlobalSection
	GlobalSection(SolutionProperties) = preSolution
		HideSolutionNode = FALSE
	EndGlobalSection
	GlobalSection(ExtensibilityGlobals) = postSolution
		SolutionGuid = {6A553BDC-53B5-4D9A-80EF-C1184749810B}
	EndGlobalSection
EndGlobal
